
Microsoft Visual Studio Solution File, Format Version 12.00
# Visual Studio Version 16
VisualStudioVersion = 16.0.30804.86
MinimumVisualStudioVersion = 10.0.40219.1
Project("{8BC9CEB8-8B4A-11D0-8D11-00A0C91BC942}") = "p2", "p2.vcxproj", "{D2ABE517-19F1-4DDD-9AE5-2112CAC32F9A}"
EndProject
Global
	GlobalSection(SolutionConfigurationPlatforms) = preSolution
		Debug|x64 = Debug|x64
		Debug|x86 = Debug|x86
		Release|x64 = Release|x64
		Release|x86 = Release|x86
	EndGlobalSection
	GlobalSection(ProjectConfigurationPlatforms) = postSolution
		{D2ABE517-19F1-4DDD-9AE5-2112CAC32F9A}.Debug|x64.ActiveCfg = Debug|x64
		{D2ABE517-19F1-4DDD-9AE5-2112CAC32F9A}.Debug|x64.Build.0 = Debug|x64
		{D2ABE517-19F1-4DDD-9AE5-2112CAC32F9A}.Debug|x86.ActiveCfg = Debug|Win32
		{D2ABE517-19F1-4DDD-9AE5-2112CAC32F9A}.Debug|x86.Build.0 = Debug|Win32
		{D2ABE517-19F1-4DDD-9AE5-2112CAC32F9A}.Release|x64.ActiveCfg = Release|x64
		{D2ABE517-19F1-4DDD-9AE5-2112CAC32F9A}.Release|x64.Build.0 = Release|x64
		{D2ABE517-19F1-4DDD-9AE5-2112CAC32F9A}.Release|x86.ActiveCfg = Release|Win32
		{D2ABE517-19F1-4DDD-9AE5-2112CAC32F9A}.Release|x86.Build.0 = Release|Win32
	EndGlobalSection
	GlobalSection(SolutionProperties) = preSolution
		HideSolutionNode = FALSE
	EndGlobalSection
	GlobalSection(ExtensibilityGlobals) = postSolution
		SolutionGuid = {9BF0F190-1FAD-454D-8256-612C6E016E6E}
	EndGlobalSection
EndGlobal
