
Microsoft Visual Studio Solution File, Format Version 12.00
# Visual Studio Version 16
VisualStudioVersion = 16.0.30804.86
MinimumVisualStudioVersion = 10.0.40219.1
Project("{8BC9CEB8-8B4A-11D0-8D11-00A0C91BC942}") = "2", "2.vcxproj", "{A30EAC2C-5DDC-443C-B429-0CE7339ECC52}"
EndProject
Global
	GlobalSection(SolutionConfigurationPlatforms) = preSolution
		Debug|x64 = Debug|x64
		Debug|x86 = Debug|x86
		Release|x64 = Release|x64
		Release|x86 = Release|x86
	EndGlobalSection
	GlobalSection(ProjectConfigurationPlatforms) = postSolution
		{A30EAC2C-5DDC-443C-B429-0CE7339ECC52}.Debug|x64.ActiveCfg = Debug|x64
		{A30EAC2C-5DDC-443C-B429-0CE7339ECC52}.Debug|x64.Build.0 = Debug|x64
		{A30EAC2C-5DDC-443C-B429-0CE7339ECC52}.Debug|x86.ActiveCfg = Debug|Win32
		{A30EAC2C-5DDC-443C-B429-0CE7339ECC52}.Debug|x86.Build.0 = Debug|Win32
		{A30EAC2C-5DDC-443C-B429-0CE7339ECC52}.Release|x64.ActiveCfg = Release|x64
		{A30EAC2C-5DDC-443C-B429-0CE7339ECC52}.Release|x64.Build.0 = Release|x64
		{A30EAC2C-5DDC-443C-B429-0CE7339ECC52}.Release|x86.ActiveCfg = Release|Win32
		{A30EAC2C-5DDC-443C-B429-0CE7339ECC52}.Release|x86.Build.0 = Release|Win32
	EndGlobalSection
	GlobalSection(SolutionProperties) = preSolution
		HideSolutionNode = FALSE
	EndGlobalSection
	GlobalSection(ExtensibilityGlobals) = postSolution
		SolutionGuid = {2B34A234-7965-457B-A049-55250838E188}
	EndGlobalSection
EndGlobal
